{
  "name": "authdog-authz-node",
  "lockfileVersion": 3,
  "requires": true,
  "packages": {
    "": {
      "name": "authdog-authz-node",
      "dependencies": {
        "@authdog/node-commons": "^0.3.1"
      }
    },
    "node_modules/@authdog/node-commons": {
      "version": "0.3.1",
      "resolved": "https://registry.npmjs.org/@authdog/node-commons/-/node-commons-0.3.1.tgz",
      "integrity": "sha512-M28cMHt0rLOjZUyKFl28KcXvIBZcBIRO5+cHLC+yXzZL9y62KF4gjTi0OSW+3oVbEXB0oUBYc/y/HUR7tpgSwA=="
    }
  }
}
